
Microsoft Visual Studio Solution File, Format Version 12.00
# Visual Studio Version 17
VisualStudioVersion = 17.13.35806.99 d17.13
MinimumVisualStudioVersion = 10.0.40219.1
Project("{FAE04EC0-301F-11D3-BF4B-00C04F79EFBC}") = "Sit2Work.API", "Sit2Work.API.csproj", "{85D4FC9C-ECDE-4EAA-B596-08D5EADC13DD}"
EndProject
Project("{FAE04EC0-301F-11D3-BF4B-00C04F79EFBC}") = "Sit2Work.Application", "..\Sit2Work.Application\Sit2Work.Application.csproj", "{601696D8-0E87-4DAA-A12A-095730EA9E84}"
EndProject
Project("{FAE04EC0-301F-11D3-BF4B-00C04F79EFBC}") = "Sit2Work.Domain", "..\Sit2Work.Domain\Sit2Work.Domain.csproj", "{7F780CC9-BF51-4DFE-B6D7-EA6283C9FA31}"
EndProject
Project("{FAE04EC0-301F-11D3-BF4B-00C04F79EFBC}") = "Sit2Work.Infrastructure", "..\Sit2Work.Infrastructure\Sit2Work.Infrastructure.csproj", "{E55FB5EB-F74A-47F1-A7AB-9360E75EE18A}"
EndProject
Project("{FAE04EC0-301F-11D3-BF4B-00C04F79EFBC}") = "Sit2Work.Tests", "..\Sit2Work.Tests\Sit2Work.Tests.csproj", "{25235537-0500-46E1-9AF5-C823B8A89019}"
EndProject
Global
	GlobalSection(SolutionConfigurationPlatforms) = preSolution
		Debug|Any CPU = Debug|Any CPU
		Release|Any CPU = Release|Any CPU
	EndGlobalSection
	GlobalSection(ProjectConfigurationPlatforms) = postSolution
		{85D4FC9C-ECDE-4EAA-B596-08D5EADC13DD}.Debug|Any CPU.ActiveCfg = Debug|Any CPU
		{85D4FC9C-ECDE-4EAA-B596-08D5EADC13DD}.Debug|Any CPU.Build.0 = Debug|Any CPU
		{85D4FC9C-ECDE-4EAA-B596-08D5EADC13DD}.Release|Any CPU.ActiveCfg = Release|Any CPU
		{85D4FC9C-ECDE-4EAA-B596-08D5EADC13DD}.Release|Any CPU.Build.0 = Release|Any CPU
		{601696D8-0E87-4DAA-A12A-095730EA9E84}.Debug|Any CPU.ActiveCfg = Debug|Any CPU
		{601696D8-0E87-4DAA-A12A-095730EA9E84}.Debug|Any CPU.Build.0 = Debug|Any CPU
		{601696D8-0E87-4DAA-A12A-095730EA9E84}.Release|Any CPU.ActiveCfg = Release|Any CPU
		{601696D8-0E87-4DAA-A12A-095730EA9E84}.Release|Any CPU.Build.0 = Release|Any CPU
		{7F780CC9-BF51-4DFE-B6D7-EA6283C9FA31}.Debug|Any CPU.ActiveCfg = Debug|Any CPU
		{7F780CC9-BF51-4DFE-B6D7-EA6283C9FA31}.Debug|Any CPU.Build.0 = Debug|Any CPU
		{7F780CC9-BF51-4DFE-B6D7-EA6283C9FA31}.Release|Any CPU.ActiveCfg = Release|Any CPU
		{7F780CC9-BF51-4DFE-B6D7-EA6283C9FA31}.Release|Any CPU.Build.0 = Release|Any CPU
		{E55FB5EB-F74A-47F1-A7AB-9360E75EE18A}.Debug|Any CPU.ActiveCfg = Debug|Any CPU
		{E55FB5EB-F74A-47F1-A7AB-9360E75EE18A}.Debug|Any CPU.Build.0 = Debug|Any CPU
		{E55FB5EB-F74A-47F1-A7AB-9360E75EE18A}.Release|Any CPU.ActiveCfg = Release|Any CPU
		{E55FB5EB-F74A-47F1-A7AB-9360E75EE18A}.Release|Any CPU.Build.0 = Release|Any CPU
		{25235537-0500-46E1-9AF5-C823B8A89019}.Debug|Any CPU.ActiveCfg = Debug|Any CPU
		{25235537-0500-46E1-9AF5-C823B8A89019}.Debug|Any CPU.Build.0 = Debug|Any CPU
		{25235537-0500-46E1-9AF5-C823B8A89019}.Release|Any CPU.ActiveCfg = Release|Any CPU
		{25235537-0500-46E1-9AF5-C823B8A89019}.Release|Any CPU.Build.0 = Release|Any CPU
	EndGlobalSection
	GlobalSection(SolutionProperties) = preSolution
		HideSolutionNode = FALSE
	EndGlobalSection
	GlobalSection(ExtensibilityGlobals) = postSolution
		SolutionGuid = {F0121DB7-855B-42AD-BD1F-77C706247237}
	EndGlobalSection
EndGlobal
